
Microsoft Visual Studio Solution File, Format Version 12.00
# Visual Studio Version 17
VisualStudioVersion = 17.2.32210.308
MinimumVisualStudioVersion = 10.0.40219.1
Project("{00D1A9C2-B5F0-4AF3-8072-F6C62B433612}") = "db", "db.sqlproj", "{75AD5E49-CEC2-4981-8C3A-54E641C70B8B}"
EndProject
Global
	GlobalSection(SolutionConfigurationPlatforms) = preSolution
		Debug|Any CPU = Debug|Any CPU
		Release|Any CPU = Release|Any CPU
	EndGlobalSection
	GlobalSection(ProjectConfigurationPlatforms) = postSolution
		{75AD5E49-CEC2-4981-8C3A-54E641C70B8B}.Debug|Any CPU.ActiveCfg = Debug|Any CPU
		{75AD5E49-CEC2-4981-8C3A-54E641C70B8B}.Debug|Any CPU.Build.0 = Debug|Any CPU
		{75AD5E49-CEC2-4981-8C3A-54E641C70B8B}.Debug|Any CPU.Deploy.0 = Debug|Any CPU
		{75AD5E49-CEC2-4981-8C3A-54E641C70B8B}.Release|Any CPU.ActiveCfg = Release|Any CPU
		{75AD5E49-CEC2-4981-8C3A-54E641C70B8B}.Release|Any CPU.Build.0 = Release|Any CPU
		{75AD5E49-CEC2-4981-8C3A-54E641C70B8B}.Release|Any CPU.Deploy.0 = Release|Any CPU
	EndGlobalSection
	GlobalSection(SolutionProperties) = preSolution
		HideSolutionNode = FALSE
	EndGlobalSection
	GlobalSection(ExtensibilityGlobals) = postSolution
		SolutionGuid = {B5C7CD1D-4D02-4304-BD46-6FE3CF836B50}
	EndGlobalSection
EndGlobal
